
Microsoft Visual Studio Solution File, Format Version 12.00
# Visual Studio Version 16
VisualStudioVersion = 16.0.31313.79
MinimumVisualStudioVersion = 10.0.40219.1
Project("{FAE04EC0-301F-11D3-BF4B-00C04F79EFBC}") = "TesteDti", "TesteDti\TesteDti.csproj", "{77B5AEE5-1563-4FDF-86CA-D15E2FF25A0E}"
EndProject
Global
	GlobalSection(SolutionConfigurationPlatforms) = preSolution
		Debug|Any CPU = Debug|Any CPU
		Release|Any CPU = Release|Any CPU
	EndGlobalSection
	GlobalSection(ProjectConfigurationPlatforms) = postSolution
		{77B5AEE5-1563-4FDF-86CA-D15E2FF25A0E}.Debug|Any CPU.ActiveCfg = Debug|Any CPU
		{77B5AEE5-1563-4FDF-86CA-D15E2FF25A0E}.Debug|Any CPU.Build.0 = Debug|Any CPU
		{77B5AEE5-1563-4FDF-86CA-D15E2FF25A0E}.Release|Any CPU.ActiveCfg = Release|Any CPU
		{77B5AEE5-1563-4FDF-86CA-D15E2FF25A0E}.Release|Any CPU.Build.0 = Release|Any CPU
	EndGlobalSection
	GlobalSection(SolutionProperties) = preSolution
		HideSolutionNode = FALSE
	EndGlobalSection
	GlobalSection(ExtensibilityGlobals) = postSolution
		SolutionGuid = {2E4CB4CD-213D-4FF4-B1EE-F0D0B6A0B24F}
	EndGlobalSection
EndGlobal
